// !$*UTF8*$!
{
	archiveVersion = 1;
	classes = {
	};
	objectVersion = 50;
	objects = {

/* Begin PBXBuildFile section */
		DF68ADBA23F0075E00F9AE08 /* AppDelegate.swift in Sources */ = {isa = PBXBuildFile; fileRef = DF68ADB923F0075E00F9AE08 /* AppDelegate.swift */; };
		DF68ADBC23F0075E00F9AE08 /* SceneDelegate.swift in Sources */ = {isa = PBXBuildFile; fileRef = DF68ADBB23F0075E00F9AE08 /* SceneDelegate.swift */; };
		DF68ADBE23F0075E00F9AE08 /* ViewController.swift in Sources */ = {isa = PBXBuildFile; fileRef = DF68ADBD23F0075E00F9AE08 /* ViewController.swift */; };
		DF68ADC123F0075E00F9AE08 /* Main.storyboard in Resources */ = {isa = PBXBuildFile; fileRef = DF68ADBF23F0075E00F9AE08 /* Main.storyboard */; };
		DF68ADC323F0076000F9AE08 /* Assets.xcassets in Resources */ = {isa = PBXBuildFile; fileRef = DF68ADC223F0076000F9AE08 /* Assets.xcassets */; };
		DF68ADC623F0076000F9AE08 /* LaunchScreen.storyboard in Resources */ = {isa = PBXBuildFile; fileRef = DF68ADC423F0076000F9AE08 /* LaunchScreen.storyboard */; };
		DF68ADCE23F0095300F9AE08 /* autoLayout.swift in Sources */ = {isa = PBXBuildFile; fileRef = DF68ADCD23F0095300F9AE08 /* autoLayout.swift */; };
		DF68ADD023F0162A00F9AE08 /* GestureViewController.swift in Sources */ = {isa = PBXBuildFile; fileRef = DF68ADCF23F0162A00F9AE08 /* GestureViewController.swift */; };
/* End PBXBuildFile section */

/* Begin PBXFileReference section */
		DF68ADB623F0075E00F9AE08 /* touchTest.app */ = {isa = PBXFileReference; explicitFileType = wrapper.application; includeInIndex = 0; path = touchTest.app; sourceTree = BUILT_PRODUCTS_DIR; };
		DF68ADB923F0075E00F9AE08 /* AppDelegate.swift */ = {isa = PBXFileReference; lastKnownFileType = sourcecode.swift; path = AppDelegate.swift; sourceTree = "<group>"; };
		DF68ADBB23F0075E00F9AE08 /* SceneDelegate.swift */ = {isa = PBXFileReference; lastKnownFileType = sourcecode.swift; path = SceneDelegate.swift; sourceTree = "<group>"; };
		DF68ADBD23F0075E00F9AE08 /* ViewController.swift */ = {isa = PBXFileReference; lastKnownFileType = sourcecode.swift; path = ViewController.swift; sourceTree = "<group>"; };
		DF68ADC023F0075E00F9AE08 /* Base */ = {isa = PBXFileReference; lastKnownFileType = file.storyboard; name = Base; path = Base.lproj/Main.storyboard; sourceTree = "<group>"; };
		DF68ADC223F0076000F9AE08 /* Assets.xcassets */ = {isa = PBXFileReference; lastKnownFileType = folder.assetcatalog; path = Assets.xcassets; sourceTree = "<group>"; };
		DF68ADC523F0076000F9AE08 /* Base */ = {isa = PBXFileReference; lastKnownFileType = file.storyboard; name = Base; path = Base.lproj/LaunchScreen.storyboard; sourceTree = "<group>"; };
		DF68ADC723F0076000F9AE08 /* Info.plist */ = {isa = PBXFileReference; lastKnownFileType = text.plist.xml; path = Info.plist; sourceTree = "<group>"; };
		DF68ADCD23F0095300F9AE08 /* autoLayout.swift */ = {isa = PBXFileReference; lastKnownFileType = sourcecode.swift; path = autoLayout.swift; sourceTree = "<group>"; };
		DF68ADCF23F0162A00F9AE08 /* GestureViewController.swift */ = {isa = PBXFileReference; lastKnownFileType = sourcecode.swift; path = GestureViewController.swift; sourceTree = "<group>"; };
/* End PBXFileReference section */

/* Begin PBXFrameworksBuildPhase section */
		DF68ADB323F0075E00F9AE08 /* Frameworks */ = {
			isa = PBXFrameworksBuildPhase;
			buildActionMask = 2147483647;
			files = (
			);
			runOnlyForDeploymentPostprocessing = 0;
		};
/* End PBXFrameworksBuildPhase section */

/* Begin PBXGroup section */
		DF68ADAD23F0075E00F9AE08 = {
			isa = PBXGroup;
			children = (
				DF68ADB823F0075E00F9AE08 /* touchTest */,
				DF68ADB723F0075E00F9AE08 /* Products */,
			);
			sourceTree = "<group>";
		};
		DF68ADB723F0075E00F9AE08 /* Products */ = {
			isa = PBXGroup;
			children = (
				DF68ADB623F0075E00F9AE08 /* touchTest.app */,
			);
			name = Products;
			sourceTree = "<group>";
		};
		DF68ADB823F0075E00F9AE08 /* touchTest */ = {
			isa = PBXGroup;
			children = (
				DF68ADB923F0075E00F9AE08 /* AppDelegate.swift */,
				DF68ADBB23F0075E00F9AE08 /* SceneDelegate.swift */,
				DF68ADBD23F0075E00F9AE08 /* ViewController.swift */,
				DF68ADCF23F0162A00F9AE08 /* GestureViewController.swift */,
				DF68ADCD23F0095300F9AE08 /* autoLayout.swift */,
				DF68ADBF23F0075E00F9AE08 /* Main.storyboard */,
				DF68ADC223F0076000F9AE08 /* Assets.xcassets */,
				DF68ADC423F0076000F9AE08 /* LaunchScreen.storyboard */,
				DF68ADC723F0076000F9AE08 /* Info.plist */,
			);
			path = touchTest;
			sourceTree = "<group>";
		};
/* End PBXGroup section */

/* Begin PBXNativeTarget section */
		DF68ADB523F0075E00F9AE08 /* touchTest */ = {
			isa = PBXNativeTarget;
			buildConfigurationList = DF68ADCA23F0076000F9AE08 /* Build configuration list for PBXNativeTarget "touchTest" */;
			buildPhases = (
				DF68ADB223F0075E00F9AE08 /* Sources */,
				DF68ADB323F0075E00F9AE08 /* Frameworks */,
				DF68ADB423F0075E00F9AE08 /* Resources */,
			);
			buildRules = (
			);
			dependencies = (
			);
			name = touchTest;
			productName = touchTest;
			productReference = DF68ADB623F0075E00F9AE08 /* touchTest.app */;
			productType = "com.apple.product-type.application";
		};
/* End PBXNativeTarget section */

/* Begin PBXProject section */
		DF68ADAE23F0075E00F9AE08 /* Project object */ = {
			isa = PBXProject;
			attributes = {
				LastSwiftUpdateCheck = 1130;
				LastUpgradeCheck = 1130;
				ORGANIZATIONNAME = hongkimin;
				TargetAttributes = {
					DF68ADB523F0075E00F9AE08 = {
						CreatedOnToolsVersion = 11.3.1;
					};
				};
			};
			buildConfigurationList = DF68ADB123F0075E00F9AE08 /* Build configuration list for PBXProject "touchTest" */;
			compatibilityVersion = "Xcode 9.3";
			developmentRegion = en;
			hasScannedForEncodings = 0;
			knownRegions = (
				en,
				Base,
			);
			mainGroup = DF68ADAD23F0075E00F9AE08;
			productRefGroup = DF68ADB723F0075E00F9AE08 /* Products */;
			projectDirPath = "";
			projectRoot = "";
			targets = (
				DF68ADB523F0075E00F9AE08 /* touchTest */,
			);
		};
/* End PBXProject section */

/* Begin PBXResourcesBuildPhase section */
		DF68ADB423F0075E00F9AE08 /* Resources */ = {
			isa = PBXResourcesBuildPhase;
			buildActionMask = 2147483647;
			files = (
				DF68ADC623F0076000F9AE08 /* LaunchScreen.storyboard in Resources */,
				DF68ADC323F0076000F9AE08 /* Assets.xcassets in Resources */,
				DF68ADC123F0075E00F9AE08 /* Main.storyboard in Resources */,
			);
			runOnlyForDeploymentPostprocessing = 0;
		};
/* End PBXResourcesBuildPhase section */

/* Begin PBXSourcesBuildPhase section */
		DF68ADB223F0075E00F9AE08 /* Sources */ = {
			isa = PBXSourcesBuildPhase;
			buildActionMask = 2147483647;
			files = (
				DF68ADBE23F0075E00F9AE08 /* ViewController.swift in Sources */,
				DF68ADBA23F0075E00F9AE08 /* AppDelegate.swift in Sources */,
				DF68ADCE23F0095300F9AE08 /* autoLayout.swift in Sources */,
				DF68ADD023F0162A00F9AE08 /* GestureViewController.swift in Sources */,
				DF68ADBC23F0075E00F9AE08 /* SceneDelegate.swift in Sources */,
			);
			runOnlyForDeploymentPostprocessing = 0;
		};
/* End PBXSourcesBuildPhase section */

/* Begin PBXVariantGroup section */
		DF68ADBF23F0075E00F9AE08 /* Main.storyboard */ = {
			isa = PBXVariantGroup;
			children = (
				DF68ADC023F0075E00F9AE08 /* Base */,
			);
			name = Main.storyboard;
			sourceTree = "<group>";
		};
		DF68ADC423F0076000F9AE08 /* LaunchScreen.storyboard */ = {
			isa = PBXVariantGroup;
			children = (
				DF68ADC523F0076000F9AE08 /* Base */,
			);
			name = LaunchScreen.storyboard;
			sourceTree = "<group>";
		};
/* End PBXVariantGroup section */

/* Begin XCBuildConfiguration section */
		DF68ADC823F0076000F9AE08 /* Debug */ = {
			isa = XCBuildConfiguration;
			buildSettings = {
				ALWAYS_SEARCH_USER_PATHS = NO;
				CLANG_ANALYZER_NONNULL = YES;
				CLANG_ANALYZER_NUMBER_OBJECT_CONVERSION = YES_AGGRESSIVE;
				CLANG_CXX_LANGUAGE_STANDARD = "gnu++14";
				CLANG_CXX_LIBRARY = "libc++";
				CLANG_ENABLE_MODULES = YES;
				CLANG_ENABLE_OBJC_ARC = YES;
				CLANG_ENABLE_OBJC_WEAK = YES;
				CLANG_WARN_BLOCK_CAPTURE_AUTORELEASING = YES;
				CLANG_WARN_BOOL_CONVERSION = YES;
				CLANG_WARN_COMMA = YES;
				CLANG_WARN_CONSTANT_CONVERSION = YES;
				CLANG_WARN_DEPRECATED_OBJC_IMPLEMENTATIONS = YES;
				CLANG_WARN_DIRECT_OBJC_ISA_USAGE = YES_ERROR;
				CLANG_WARN_DOCUMENTATION_COMMENTS = YES;
				CLANG_WARN_EMPTY_BODY = YES;
				CLANG_WARN_ENUM_CONVERSION = YES;
				CLANG_WARN_INFINITE_RECURSION = YES;
				CLANG_WARN_INT_CONVERSION = YES;
				CLANG_WARN_NON_LITERAL_NULL_CONVERSION = YES;
				CLANG_WARN_OBJC_IMPLICIT_RETAIN_SELF = YES;
				CLANG_WARN_OBJC_LITERAL_CONVERSION = YES;
				CLANG_WARN_OBJC_ROOT_CLASS = YES_ERROR;
				CLANG_WARN_RANGE_LOOP_ANALYSIS = YES;
				CLANG_WARN_STRICT_PROTOTYPES = YES;
				CLANG_WARN_SUSPICIOUS_MOVE = YES;
				CLANG_WARN_UNGUARDED_AVAILABILITY = YES_AGGRESSIVE;
				CLANG_WARN_UNREACHABLE_CODE = YES;
				CLANG_WARN__DUPLICATE_METHOD_MATCH = YES;
				COPY_PHASE_STRIP = NO;
				DEBUG_INFORMATION_FORMAT = dwarf;
				ENABLE_STRICT_OBJC_MSGSEND = YES;
				ENABLE_TESTABILITY = YES;
				GCC_C_LANGUAGE_STANDARD = gnu11;
				GCC_DYNAMIC_NO_PIC = NO;
				GCC_NO_COMMON_BLOCKS = YES;
				GCC_OPTIMIZATION_LEVEL = 0;
				GCC_PREPROCESSOR_DEFINITIONS = (
					"DEBUG=1",
					"$(inherited)",
				);
				GCC_WARN_64_TO_32_BIT_CONVERSION = YES;
				GCC_WARN_ABOUT_RETURN_TYPE = YES_ERROR;
				GCC_WARN_UNDECLARED_SELECTOR = YES;
				GCC_WARN_UNINITIALIZED_AUTOS = YES_AGGRESSIVE;
				GCC_WARN_UNUSED_FUNCTION = YES;
				GCC_WARN_UNUSED_VARIABLE = YES;
				IPHONEOS_DEPLOYMENT_TARGET = 13.2;
				MTL_ENABLE_DEBUG_INFO = INCLUDE_SOURCE;
				MTL_FAST_MATH = YES;
				ONLY_ACTIVE_ARCH = YES;
				SDKROOT = iphoneos;
				SWIFT_ACTIVE_COMPILATION_CONDITIONS = DEBUG;
				SWIFT_OPTIMIZATION_LEVEL = "-Onone";
			};
			name = Debug;
		};
		DF68ADC923F0076000F9AE08 /* Release */ = {
			isa = XCBuildConfiguration;
			buildSettings = {
				ALWAYS_SEARCH_USER_PATHS = NO;
				CLANG_ANALYZER_NONNULL = YES;
				CLANG_ANALYZER_NUMBER_OBJECT_CONVERSION = YES_AGGRESSIVE;
				CLANG_CXX_LANGUAGE_STANDARD = "gnu++14";
				CLANG_CXX_LIBRARY = "libc++";
				CLANG_ENABLE_MODULES = YES;
				CLANG_ENABLE_OBJC_ARC = YES;
				CLANG_ENABLE_OBJC_WEAK = YES;
				CLANG_WARN_BLOCK_CAPTURE_AUTORELEASING = YES;
				CLANG_WARN_BOOL_CONVERSION = YES;
				CLANG_WARN_COMMA = YES;
				CLANG_WARN_CONSTANT_CONVERSION = YES;
				CLANG_WARN_DEPRECATED_OBJC_IMPLEMENTATIONS = YES;
				CLANG_WARN_DIRECT_OBJC_ISA_USAGE = YES_ERROR;
				CLANG_WARN_DOCUMENTATION_COMMENTS = YES;
				CLANG_WARN_EMPTY_BODY = YES;
				CLANG_WARN_ENUM_CONVERSION = YES;
				CLANG_WARN_INFINITE_RECURSION = YES;
				CLANG_WARN_INT_CONVERSION = YES;
				CLANG_WARN_NON_LITERAL_NULL_CONVERSION = YES;
				CLANG_WARN_OBJC_IMPLICIT_RETAIN_SELF = YES;
				CLANG_WARN_OBJC_LITERAL_CONVERSION = YES;
				CLANG_WARN_OBJC_ROOT_CLASS = YES_ERROR;
				CLANG_WARN_RANGE_LOOP_ANALYSIS = YES;
				CLANG_WARN_STRICT_PROTOTYPES = YES;
				CLANG_WARN_SUSPICIOUS_MOVE = YES;
				CLANG_WARN_UNGUARDED_AVAILABILITY = YES_AGGRESSIVE;
				CLANG_WARN_UNREACHABLE_CODE = YES;
				CLANG_WARN__DUPLICATE_METHOD_MATCH = YES;
				COPY_PHASE_STRIP = NO;
				DEBUG_INFORMATION_FORMAT = "dwarf-with-dsym";
				ENABLE_NS_ASSERTIONS = NO;
				ENABLE_STRICT_OBJC_MSGSEND = YES;
				GCC_C_LANGUAGE_STANDARD = gnu11;
				GCC_NO_COMMON_BLOCKS = YES;
				GCC_WARN_64_TO_32_BIT_CONVERSION = YES;
				GCC_WARN_ABOUT_RETURN_TYPE = YES_ERROR;
				GCC_WARN_UNDECLARED_SELECTOR = YES;
				GCC_WARN_UNINITIALIZED_AUTOS = YES_AGGRESSIVE;
				GCC_WARN_UNUSED_FUNCTION = YES;
				GCC_WARN_UNUSED_VARIABLE = YES;
				IPHONEOS_DEPLOYMENT_TARGET = 13.2;
				MTL_ENABLE_DEBUG_INFO = NO;
				MTL_FAST_MATH = YES;
				SDKROOT = iphoneos;
				SWIFT_COMPILATION_MODE = wholemodule;
				SWIFT_OPTIMIZATION_LEVEL = "-O";
				VALIDATE_PRODUCT = YES;
			};
			name = Release;
		};
		DF68ADCB23F0076000F9AE08 /* Debug */ = {
			isa = XCBuildConfiguration;
			buildSettings = {
				ASSETCATALOG_COMPILER_APPICON_NAME = AppIcon;
				CODE_SIGN_STYLE = Automatic;
				DEVELOPMENT_TEAM = G2PH36R3BZ;
				INFOPLIST_FILE = touchTest/Info.plist;
				LD_RUNPATH_SEARCH_PATHS = (
					"$(inherited)",
					"@executable_path/Frameworks",
				);
				PRODUCT_BUNDLE_IDENTIFIER = com.hongkimin.touchTest;
				PRODUCT_NAME = "$(TARGET_NAME)";
				SWIFT_VERSION = 5.0;
				TARGETED_DEVICE_FAMILY = "1,2";
			};
			name = Debug;
		};
		DF68ADCC23F0076000F9AE08 /* Release */ = {
			isa = XCBuildConfiguration;
			buildSettings = {
				ASSETCATALOG_COMPILER_APPICON_NAME = AppIcon;
				CODE_SIGN_STYLE = Automatic;
				DEVELOPMENT_TEAM = G2PH36R3BZ;
				INFOPLIST_FILE = touchTest/Info.plist;
				LD_RUNPATH_SEARCH_PATHS = (
					"$(inherited)",
					"@executable_path/Frameworks",
				);
				PRODUCT_BUNDLE_IDENTIFIER = com.hongkimin.touchTest;
				PRODUCT_NAME = "$(TARGET_NAME)";
				SWIFT_VERSION = 5.0;
				TARGETED_DEVICE_FAMILY = "1,2";
			};
			name = Release;
		};
/* End XCBuildConfiguration section */

/* Begin XCConfigurationList section */
		DF68ADB123F0075E00F9AE08 /* Build configuration list for PBXProject "touchTest" */ = {
			isa = XCConfigurationList;
			buildConfigurations = (
				DF68ADC823F0076000F9AE08 /* Debug */,
				DF68ADC923F0076000F9AE08 /* Release */,
			);
			defaultConfigurationIsVisible = 0;
			defaultConfigurationName = Release;
		};
		DF68ADCA23F0076000F9AE08 /* Build configuration list for PBXNativeTarget "touchTest" */ = {
			isa = XCConfigurationList;
			buildConfigurations = (
				DF68ADCB23F0076000F9AE08 /* Debug */,
				DF68ADCC23F0076000F9AE08 /* Release */,
			);
			defaultConfigurationIsVisible = 0;
			defaultConfigurationName = Release;
		};
/* End XCConfigurationList section */
	};
	rootObject = DF68ADAE23F0075E00F9AE08 /* Project object */;
}
