// !$*UTF8*$!
{
	archiveVersion = 1;
	classes = {
	};
	objectVersion = 50;
	objects = {

/* Begin PBXBuildFile section */
		DF293DEC238C0795005976E0 /* AppDelegate.swift in Sources */ = {isa = PBXBuildFile; fileRef = DF293DEB238C0795005976E0 /* AppDelegate.swift */; };
		DF293DEE238C0795005976E0 /* SceneDelegate.swift in Sources */ = {isa = PBXBuildFile; fileRef = DF293DED238C0795005976E0 /* SceneDelegate.swift */; };
		DF293DF0238C0795005976E0 /* ViewController.swift in Sources */ = {isa = PBXBuildFile; fileRef = DF293DEF238C0795005976E0 /* ViewController.swift */; };
		DF293DF3238C0795005976E0 /* Main.storyboard in Resources */ = {isa = PBXBuildFile; fileRef = DF293DF1238C0795005976E0 /* Main.storyboard */; };
		DF293DF5238C0796005976E0 /* Assets.xcassets in Resources */ = {isa = PBXBuildFile; fileRef = DF293DF4238C0796005976E0 /* Assets.xcassets */; };
		DF293DF8238C0796005976E0 /* LaunchScreen.storyboard in Resources */ = {isa = PBXBuildFile; fileRef = DF293DF6238C0796005976E0 /* LaunchScreen.storyboard */; };
		DF293E00238C1281005976E0 /* NextViewController.swift in Sources */ = {isa = PBXBuildFile; fileRef = DF293DFF238C1281005976E0 /* NextViewController.swift */; };
/* End PBXBuildFile section */

/* Begin PBXFileReference section */
		DF293DE8238C0795005976E0 /* presentTest1125.app */ = {isa = PBXFileReference; explicitFileType = wrapper.application; includeInIndex = 0; path = presentTest1125.app; sourceTree = BUILT_PRODUCTS_DIR; };
		DF293DEB238C0795005976E0 /* AppDelegate.swift */ = {isa = PBXFileReference; lastKnownFileType = sourcecode.swift; path = AppDelegate.swift; sourceTree = "<group>"; };
		DF293DED238C0795005976E0 /* SceneDelegate.swift */ = {isa = PBXFileReference; lastKnownFileType = sourcecode.swift; path = SceneDelegate.swift; sourceTree = "<group>"; };
		DF293DEF238C0795005976E0 /* ViewController.swift */ = {isa = PBXFileReference; lastKnownFileType = sourcecode.swift; path = ViewController.swift; sourceTree = "<group>"; };
		DF293DF2238C0795005976E0 /* Base */ = {isa = PBXFileReference; lastKnownFileType = file.storyboard; name = Base; path = Base.lproj/Main.storyboard; sourceTree = "<group>"; };
		DF293DF4238C0796005976E0 /* Assets.xcassets */ = {isa = PBXFileReference; lastKnownFileType = folder.assetcatalog; path = Assets.xcassets; sourceTree = "<group>"; };
		DF293DF7238C0796005976E0 /* Base */ = {isa = PBXFileReference; lastKnownFileType = file.storyboard; name = Base; path = Base.lproj/LaunchScreen.storyboard; sourceTree = "<group>"; };
		DF293DF9238C0796005976E0 /* Info.plist */ = {isa = PBXFileReference; lastKnownFileType = text.plist.xml; path = Info.plist; sourceTree = "<group>"; };
		DF293DFF238C1281005976E0 /* NextViewController.swift */ = {isa = PBXFileReference; lastKnownFileType = sourcecode.swift; path = NextViewController.swift; sourceTree = "<group>"; };
/* End PBXFileReference section */

/* Begin PBXFrameworksBuildPhase section */
		DF293DE5238C0795005976E0 /* Frameworks */ = {
			isa = PBXFrameworksBuildPhase;
			buildActionMask = 2147483647;
			files = (
			);
			runOnlyForDeploymentPostprocessing = 0;
		};
/* End PBXFrameworksBuildPhase section */

/* Begin PBXGroup section */
		DF293DDF238C0795005976E0 = {
			isa = PBXGroup;
			children = (
				DF293DEA238C0795005976E0 /* presentTest1125 */,
				DF293DE9238C0795005976E0 /* Products */,
			);
			sourceTree = "<group>";
		};
		DF293DE9238C0795005976E0 /* Products */ = {
			isa = PBXGroup;
			children = (
				DF293DE8238C0795005976E0 /* presentTest1125.app */,
			);
			name = Products;
			sourceTree = "<group>";
		};
		DF293DEA238C0795005976E0 /* presentTest1125 */ = {
			isa = PBXGroup;
			children = (
				DF293DEF238C0795005976E0 /* ViewController.swift */,
				DF293DFF238C1281005976E0 /* NextViewController.swift */,
				DF293DEB238C0795005976E0 /* AppDelegate.swift */,
				DF293DED238C0795005976E0 /* SceneDelegate.swift */,
				DF293DF1238C0795005976E0 /* Main.storyboard */,
				DF293DF4238C0796005976E0 /* Assets.xcassets */,
				DF293DF6238C0796005976E0 /* LaunchScreen.storyboard */,
				DF293DF9238C0796005976E0 /* Info.plist */,
			);
			path = presentTest1125;
			sourceTree = "<group>";
		};
/* End PBXGroup section */

/* Begin PBXNativeTarget section */
		DF293DE7238C0795005976E0 /* presentTest1125 */ = {
			isa = PBXNativeTarget;
			buildConfigurationList = DF293DFC238C0796005976E0 /* Build configuration list for PBXNativeTarget "presentTest1125" */;
			buildPhases = (
				DF293DE4238C0795005976E0 /* Sources */,
				DF293DE5238C0795005976E0 /* Frameworks */,
				DF293DE6238C0795005976E0 /* Resources */,
			);
			buildRules = (
			);
			dependencies = (
			);
			name = presentTest1125;
			productName = presentTest1125;
			productReference = DF293DE8238C0795005976E0 /* presentTest1125.app */;
			productType = "com.apple.product-type.application";
		};
/* End PBXNativeTarget section */

/* Begin PBXProject section */
		DF293DE0238C0795005976E0 /* Project object */ = {
			isa = PBXProject;
			attributes = {
				LastSwiftUpdateCheck = 1120;
				LastUpgradeCheck = 1120;
				ORGANIZATIONNAME = hongkimin;
				TargetAttributes = {
					DF293DE7238C0795005976E0 = {
						CreatedOnToolsVersion = 11.2.1;
					};
				};
			};
			buildConfigurationList = DF293DE3238C0795005976E0 /* Build configuration list for PBXProject "presentTest1125" */;
			compatibilityVersion = "Xcode 9.3";
			developmentRegion = en;
			hasScannedForEncodings = 0;
			knownRegions = (
				en,
				Base,
			);
			mainGroup = DF293DDF238C0795005976E0;
			productRefGroup = DF293DE9238C0795005976E0 /* Products */;
			projectDirPath = "";
			projectRoot = "";
			targets = (
				DF293DE7238C0795005976E0 /* presentTest1125 */,
			);
		};
/* End PBXProject section */

/* Begin PBXResourcesBuildPhase section */
		DF293DE6238C0795005976E0 /* Resources */ = {
			isa = PBXResourcesBuildPhase;
			buildActionMask = 2147483647;
			files = (
				DF293DF8238C0796005976E0 /* LaunchScreen.storyboard in Resources */,
				DF293DF5238C0796005976E0 /* Assets.xcassets in Resources */,
				DF293DF3238C0795005976E0 /* Main.storyboard in Resources */,
			);
			runOnlyForDeploymentPostprocessing = 0;
		};
/* End PBXResourcesBuildPhase section */

/* Begin PBXSourcesBuildPhase section */
		DF293DE4238C0795005976E0 /* Sources */ = {
			isa = PBXSourcesBuildPhase;
			buildActionMask = 2147483647;
			files = (
				DF293DF0238C0795005976E0 /* ViewController.swift in Sources */,
				DF293E00238C1281005976E0 /* NextViewController.swift in Sources */,
				DF293DEC238C0795005976E0 /* AppDelegate.swift in Sources */,
				DF293DEE238C0795005976E0 /* SceneDelegate.swift in Sources */,
			);
			runOnlyForDeploymentPostprocessing = 0;
		};
/* End PBXSourcesBuildPhase section */

/* Begin PBXVariantGroup section */
		DF293DF1238C0795005976E0 /* Main.storyboard */ = {
			isa = PBXVariantGroup;
			children = (
				DF293DF2238C0795005976E0 /* Base */,
			);
			name = Main.storyboard;
			sourceTree = "<group>";
		};
		DF293DF6238C0796005976E0 /* LaunchScreen.storyboard */ = {
			isa = PBXVariantGroup;
			children = (
				DF293DF7238C0796005976E0 /* Base */,
			);
			name = LaunchScreen.storyboard;
			sourceTree = "<group>";
		};
/* End PBXVariantGroup section */

/* Begin XCBuildConfiguration section */
		DF293DFA238C0796005976E0 /* Debug */ = {
			isa = XCBuildConfiguration;
			buildSettings = {
				ALWAYS_SEARCH_USER_PATHS = NO;
				CLANG_ANALYZER_NONNULL = YES;
				CLANG_ANALYZER_NUMBER_OBJECT_CONVERSION = YES_AGGRESSIVE;
				CLANG_CXX_LANGUAGE_STANDARD = "gnu++14";
				CLANG_CXX_LIBRARY = "libc++";
				CLANG_ENABLE_MODULES = YES;
				CLANG_ENABLE_OBJC_ARC = YES;
				CLANG_ENABLE_OBJC_WEAK = YES;
				CLANG_WARN_BLOCK_CAPTURE_AUTORELEASING = YES;
				CLANG_WARN_BOOL_CONVERSION = YES;
				CLANG_WARN_COMMA = YES;
				CLANG_WARN_CONSTANT_CONVERSION = YES;
				CLANG_WARN_DEPRECATED_OBJC_IMPLEMENTATIONS = YES;
				CLANG_WARN_DIRECT_OBJC_ISA_USAGE = YES_ERROR;
				CLANG_WARN_DOCUMENTATION_COMMENTS = YES;
				CLANG_WARN_EMPTY_BODY = YES;
				CLANG_WARN_ENUM_CONVERSION = YES;
				CLANG_WARN_INFINITE_RECURSION = YES;
				CLANG_WARN_INT_CONVERSION = YES;
				CLANG_WARN_NON_LITERAL_NULL_CONVERSION = YES;
				CLANG_WARN_OBJC_IMPLICIT_RETAIN_SELF = YES;
				CLANG_WARN_OBJC_LITERAL_CONVERSION = YES;
				CLANG_WARN_OBJC_ROOT_CLASS = YES_ERROR;
				CLANG_WARN_RANGE_LOOP_ANALYSIS = YES;
				CLANG_WARN_STRICT_PROTOTYPES = YES;
				CLANG_WARN_SUSPICIOUS_MOVE = YES;
				CLANG_WARN_UNGUARDED_AVAILABILITY = YES_AGGRESSIVE;
				CLANG_WARN_UNREACHABLE_CODE = YES;
				CLANG_WARN__DUPLICATE_METHOD_MATCH = YES;
				COPY_PHASE_STRIP = NO;
				DEBUG_INFORMATION_FORMAT = dwarf;
				ENABLE_STRICT_OBJC_MSGSEND = YES;
				ENABLE_TESTABILITY = YES;
				GCC_C_LANGUAGE_STANDARD = gnu11;
				GCC_DYNAMIC_NO_PIC = NO;
				GCC_NO_COMMON_BLOCKS = YES;
				GCC_OPTIMIZATION_LEVEL = 0;
				GCC_PREPROCESSOR_DEFINITIONS = (
					"DEBUG=1",
					"$(inherited)",
				);
				GCC_WARN_64_TO_32_BIT_CONVERSION = YES;
				GCC_WARN_ABOUT_RETURN_TYPE = YES_ERROR;
				GCC_WARN_UNDECLARED_SELECTOR = YES;
				GCC_WARN_UNINITIALIZED_AUTOS = YES_AGGRESSIVE;
				GCC_WARN_UNUSED_FUNCTION = YES;
				GCC_WARN_UNUSED_VARIABLE = YES;
				IPHONEOS_DEPLOYMENT_TARGET = 13.2;
				MTL_ENABLE_DEBUG_INFO = INCLUDE_SOURCE;
				MTL_FAST_MATH = YES;
				ONLY_ACTIVE_ARCH = YES;
				SDKROOT = iphoneos;
				SWIFT_ACTIVE_COMPILATION_CONDITIONS = DEBUG;
				SWIFT_OPTIMIZATION_LEVEL = "-Onone";
			};
			name = Debug;
		};
		DF293DFB238C0796005976E0 /* Release */ = {
			isa = XCBuildConfiguration;
			buildSettings = {
				ALWAYS_SEARCH_USER_PATHS = NO;
				CLANG_ANALYZER_NONNULL = YES;
				CLANG_ANALYZER_NUMBER_OBJECT_CONVERSION = YES_AGGRESSIVE;
				CLANG_CXX_LANGUAGE_STANDARD = "gnu++14";
				CLANG_CXX_LIBRARY = "libc++";
				CLANG_ENABLE_MODULES = YES;
				CLANG_ENABLE_OBJC_ARC = YES;
				CLANG_ENABLE_OBJC_WEAK = YES;
				CLANG_WARN_BLOCK_CAPTURE_AUTORELEASING = YES;
				CLANG_WARN_BOOL_CONVERSION = YES;
				CLANG_WARN_COMMA = YES;
				CLANG_WARN_CONSTANT_CONVERSION = YES;
				CLANG_WARN_DEPRECATED_OBJC_IMPLEMENTATIONS = YES;
				CLANG_WARN_DIRECT_OBJC_ISA_USAGE = YES_ERROR;
				CLANG_WARN_DOCUMENTATION_COMMENTS = YES;
				CLANG_WARN_EMPTY_BODY = YES;
				CLANG_WARN_ENUM_CONVERSION = YES;
				CLANG_WARN_INFINITE_RECURSION = YES;
				CLANG_WARN_INT_CONVERSION = YES;
				CLANG_WARN_NON_LITERAL_NULL_CONVERSION = YES;
				CLANG_WARN_OBJC_IMPLICIT_RETAIN_SELF = YES;
				CLANG_WARN_OBJC_LITERAL_CONVERSION = YES;
				CLANG_WARN_OBJC_ROOT_CLASS = YES_ERROR;
				CLANG_WARN_RANGE_LOOP_ANALYSIS = YES;
				CLANG_WARN_STRICT_PROTOTYPES = YES;
				CLANG_WARN_SUSPICIOUS_MOVE = YES;
				CLANG_WARN_UNGUARDED_AVAILABILITY = YES_AGGRESSIVE;
				CLANG_WARN_UNREACHABLE_CODE = YES;
				CLANG_WARN__DUPLICATE_METHOD_MATCH = YES;
				COPY_PHASE_STRIP = NO;
				DEBUG_INFORMATION_FORMAT = "dwarf-with-dsym";
				ENABLE_NS_ASSERTIONS = NO;
				ENABLE_STRICT_OBJC_MSGSEND = YES;
				GCC_C_LANGUAGE_STANDARD = gnu11;
				GCC_NO_COMMON_BLOCKS = YES;
				GCC_WARN_64_TO_32_BIT_CONVERSION = YES;
				GCC_WARN_ABOUT_RETURN_TYPE = YES_ERROR;
				GCC_WARN_UNDECLARED_SELECTOR = YES;
				GCC_WARN_UNINITIALIZED_AUTOS = YES_AGGRESSIVE;
				GCC_WARN_UNUSED_FUNCTION = YES;
				GCC_WARN_UNUSED_VARIABLE = YES;
				IPHONEOS_DEPLOYMENT_TARGET = 13.2;
				MTL_ENABLE_DEBUG_INFO = NO;
				MTL_FAST_MATH = YES;
				SDKROOT = iphoneos;
				SWIFT_COMPILATION_MODE = wholemodule;
				SWIFT_OPTIMIZATION_LEVEL = "-O";
				VALIDATE_PRODUCT = YES;
			};
			name = Release;
		};
		DF293DFD238C0796005976E0 /* Debug */ = {
			isa = XCBuildConfiguration;
			buildSettings = {
				ASSETCATALOG_COMPILER_APPICON_NAME = AppIcon;
				CODE_SIGN_STYLE = Automatic;
				DEVELOPMENT_TEAM = G2PH36R3BZ;
				INFOPLIST_FILE = presentTest1125/Info.plist;
				LD_RUNPATH_SEARCH_PATHS = (
					"$(inherited)",
					"@executable_path/Frameworks",
				);
				PRODUCT_BUNDLE_IDENTIFIER = com.hongkimin.presentTest1125;
				PRODUCT_NAME = "$(TARGET_NAME)";
				SWIFT_VERSION = 5.0;
				TARGETED_DEVICE_FAMILY = "1,2";
			};
			name = Debug;
		};
		DF293DFE238C0796005976E0 /* Release */ = {
			isa = XCBuildConfiguration;
			buildSettings = {
				ASSETCATALOG_COMPILER_APPICON_NAME = AppIcon;
				CODE_SIGN_STYLE = Automatic;
				DEVELOPMENT_TEAM = G2PH36R3BZ;
				INFOPLIST_FILE = presentTest1125/Info.plist;
				LD_RUNPATH_SEARCH_PATHS = (
					"$(inherited)",
					"@executable_path/Frameworks",
				);
				PRODUCT_BUNDLE_IDENTIFIER = com.hongkimin.presentTest1125;
				PRODUCT_NAME = "$(TARGET_NAME)";
				SWIFT_VERSION = 5.0;
				TARGETED_DEVICE_FAMILY = "1,2";
			};
			name = Release;
		};
/* End XCBuildConfiguration section */

/* Begin XCConfigurationList section */
		DF293DE3238C0795005976E0 /* Build configuration list for PBXProject "presentTest1125" */ = {
			isa = XCConfigurationList;
			buildConfigurations = (
				DF293DFA238C0796005976E0 /* Debug */,
				DF293DFB238C0796005976E0 /* Release */,
			);
			defaultConfigurationIsVisible = 0;
			defaultConfigurationName = Release;
		};
		DF293DFC238C0796005976E0 /* Build configuration list for PBXNativeTarget "presentTest1125" */ = {
			isa = XCConfigurationList;
			buildConfigurations = (
				DF293DFD238C0796005976E0 /* Debug */,
				DF293DFE238C0796005976E0 /* Release */,
			);
			defaultConfigurationIsVisible = 0;
			defaultConfigurationName = Release;
		};
/* End XCConfigurationList section */
	};
	rootObject = DF293DE0238C0795005976E0 /* Project object */;
}
