// !$*UTF8*$!
{
	archiveVersion = 1;
	classes = {
	};
	objectVersion = 50;
	objects = {

/* Begin PBXBuildFile section */
		DF58232C238E2A8A0074110E /* AppDelegate.swift in Sources */ = {isa = PBXBuildFile; fileRef = DF58232B238E2A8A0074110E /* AppDelegate.swift */; };
		DF58232E238E2A8A0074110E /* SceneDelegate.swift in Sources */ = {isa = PBXBuildFile; fileRef = DF58232D238E2A8A0074110E /* SceneDelegate.swift */; };
		DF582330238E2A8A0074110E /* ViewController.swift in Sources */ = {isa = PBXBuildFile; fileRef = DF58232F238E2A8A0074110E /* ViewController.swift */; };
		DF582333238E2A8A0074110E /* Main.storyboard in Resources */ = {isa = PBXBuildFile; fileRef = DF582331238E2A8A0074110E /* Main.storyboard */; };
		DF582335238E2A8C0074110E /* Assets.xcassets in Resources */ = {isa = PBXBuildFile; fileRef = DF582334238E2A8C0074110E /* Assets.xcassets */; };
		DF582338238E2A8C0074110E /* LaunchScreen.storyboard in Resources */ = {isa = PBXBuildFile; fileRef = DF582336238E2A8C0074110E /* LaunchScreen.storyboard */; };
		DF582340238E3A090074110E /* NextViewController.swift in Sources */ = {isa = PBXBuildFile; fileRef = DF58233F238E3A090074110E /* NextViewController.swift */; };
/* End PBXBuildFile section */

/* Begin PBXFileReference section */
		DF582328238E2A8A0074110E /* presentTestRe1.app */ = {isa = PBXFileReference; explicitFileType = wrapper.application; includeInIndex = 0; path = presentTestRe1.app; sourceTree = BUILT_PRODUCTS_DIR; };
		DF58232B238E2A8A0074110E /* AppDelegate.swift */ = {isa = PBXFileReference; lastKnownFileType = sourcecode.swift; path = AppDelegate.swift; sourceTree = "<group>"; };
		DF58232D238E2A8A0074110E /* SceneDelegate.swift */ = {isa = PBXFileReference; lastKnownFileType = sourcecode.swift; path = SceneDelegate.swift; sourceTree = "<group>"; };
		DF58232F238E2A8A0074110E /* ViewController.swift */ = {isa = PBXFileReference; lastKnownFileType = sourcecode.swift; path = ViewController.swift; sourceTree = "<group>"; };
		DF582332238E2A8A0074110E /* Base */ = {isa = PBXFileReference; lastKnownFileType = file.storyboard; name = Base; path = Base.lproj/Main.storyboard; sourceTree = "<group>"; };
		DF582334238E2A8C0074110E /* Assets.xcassets */ = {isa = PBXFileReference; lastKnownFileType = folder.assetcatalog; path = Assets.xcassets; sourceTree = "<group>"; };
		DF582337238E2A8C0074110E /* Base */ = {isa = PBXFileReference; lastKnownFileType = file.storyboard; name = Base; path = Base.lproj/LaunchScreen.storyboard; sourceTree = "<group>"; };
		DF582339238E2A8C0074110E /* Info.plist */ = {isa = PBXFileReference; lastKnownFileType = text.plist.xml; path = Info.plist; sourceTree = "<group>"; };
		DF58233F238E3A090074110E /* NextViewController.swift */ = {isa = PBXFileReference; lastKnownFileType = sourcecode.swift; path = NextViewController.swift; sourceTree = "<group>"; };
/* End PBXFileReference section */

/* Begin PBXFrameworksBuildPhase section */
		DF582325238E2A8A0074110E /* Frameworks */ = {
			isa = PBXFrameworksBuildPhase;
			buildActionMask = 2147483647;
			files = (
			);
			runOnlyForDeploymentPostprocessing = 0;
		};
/* End PBXFrameworksBuildPhase section */

/* Begin PBXGroup section */
		DF58231F238E2A8A0074110E = {
			isa = PBXGroup;
			children = (
				DF58232A238E2A8A0074110E /* presentTestRe1 */,
				DF582329238E2A8A0074110E /* Products */,
			);
			sourceTree = "<group>";
		};
		DF582329238E2A8A0074110E /* Products */ = {
			isa = PBXGroup;
			children = (
				DF582328238E2A8A0074110E /* presentTestRe1.app */,
			);
			name = Products;
			sourceTree = "<group>";
		};
		DF58232A238E2A8A0074110E /* presentTestRe1 */ = {
			isa = PBXGroup;
			children = (
				DF58232F238E2A8A0074110E /* ViewController.swift */,
				DF58233F238E3A090074110E /* NextViewController.swift */,
				DF58232B238E2A8A0074110E /* AppDelegate.swift */,
				DF58232D238E2A8A0074110E /* SceneDelegate.swift */,
				DF582331238E2A8A0074110E /* Main.storyboard */,
				DF582334238E2A8C0074110E /* Assets.xcassets */,
				DF582336238E2A8C0074110E /* LaunchScreen.storyboard */,
				DF582339238E2A8C0074110E /* Info.plist */,
			);
			path = presentTestRe1;
			sourceTree = "<group>";
		};
/* End PBXGroup section */

/* Begin PBXNativeTarget section */
		DF582327238E2A8A0074110E /* presentTestRe1 */ = {
			isa = PBXNativeTarget;
			buildConfigurationList = DF58233C238E2A8C0074110E /* Build configuration list for PBXNativeTarget "presentTestRe1" */;
			buildPhases = (
				DF582324238E2A8A0074110E /* Sources */,
				DF582325238E2A8A0074110E /* Frameworks */,
				DF582326238E2A8A0074110E /* Resources */,
			);
			buildRules = (
			);
			dependencies = (
			);
			name = presentTestRe1;
			productName = presentTestRe1;
			productReference = DF582328238E2A8A0074110E /* presentTestRe1.app */;
			productType = "com.apple.product-type.application";
		};
/* End PBXNativeTarget section */

/* Begin PBXProject section */
		DF582320238E2A8A0074110E /* Project object */ = {
			isa = PBXProject;
			attributes = {
				LastSwiftUpdateCheck = 1120;
				LastUpgradeCheck = 1120;
				ORGANIZATIONNAME = hongkimin;
				TargetAttributes = {
					DF582327238E2A8A0074110E = {
						CreatedOnToolsVersion = 11.2.1;
					};
				};
			};
			buildConfigurationList = DF582323238E2A8A0074110E /* Build configuration list for PBXProject "presentTestRe1" */;
			compatibilityVersion = "Xcode 9.3";
			developmentRegion = en;
			hasScannedForEncodings = 0;
			knownRegions = (
				en,
				Base,
			);
			mainGroup = DF58231F238E2A8A0074110E;
			productRefGroup = DF582329238E2A8A0074110E /* Products */;
			projectDirPath = "";
			projectRoot = "";
			targets = (
				DF582327238E2A8A0074110E /* presentTestRe1 */,
			);
		};
/* End PBXProject section */

/* Begin PBXResourcesBuildPhase section */
		DF582326238E2A8A0074110E /* Resources */ = {
			isa = PBXResourcesBuildPhase;
			buildActionMask = 2147483647;
			files = (
				DF582338238E2A8C0074110E /* LaunchScreen.storyboard in Resources */,
				DF582335238E2A8C0074110E /* Assets.xcassets in Resources */,
				DF582333238E2A8A0074110E /* Main.storyboard in Resources */,
			);
			runOnlyForDeploymentPostprocessing = 0;
		};
/* End PBXResourcesBuildPhase section */

/* Begin PBXSourcesBuildPhase section */
		DF582324238E2A8A0074110E /* Sources */ = {
			isa = PBXSourcesBuildPhase;
			buildActionMask = 2147483647;
			files = (
				DF582330238E2A8A0074110E /* ViewController.swift in Sources */,
				DF582340238E3A090074110E /* NextViewController.swift in Sources */,
				DF58232C238E2A8A0074110E /* AppDelegate.swift in Sources */,
				DF58232E238E2A8A0074110E /* SceneDelegate.swift in Sources */,
			);
			runOnlyForDeploymentPostprocessing = 0;
		};
/* End PBXSourcesBuildPhase section */

/* Begin PBXVariantGroup section */
		DF582331238E2A8A0074110E /* Main.storyboard */ = {
			isa = PBXVariantGroup;
			children = (
				DF582332238E2A8A0074110E /* Base */,
			);
			name = Main.storyboard;
			sourceTree = "<group>";
		};
		DF582336238E2A8C0074110E /* LaunchScreen.storyboard */ = {
			isa = PBXVariantGroup;
			children = (
				DF582337238E2A8C0074110E /* Base */,
			);
			name = LaunchScreen.storyboard;
			sourceTree = "<group>";
		};
/* End PBXVariantGroup section */

/* Begin XCBuildConfiguration section */
		DF58233A238E2A8C0074110E /* Debug */ = {
			isa = XCBuildConfiguration;
			buildSettings = {
				ALWAYS_SEARCH_USER_PATHS = NO;
				CLANG_ANALYZER_NONNULL = YES;
				CLANG_ANALYZER_NUMBER_OBJECT_CONVERSION = YES_AGGRESSIVE;
				CLANG_CXX_LANGUAGE_STANDARD = "gnu++14";
				CLANG_CXX_LIBRARY = "libc++";
				CLANG_ENABLE_MODULES = YES;
				CLANG_ENABLE_OBJC_ARC = YES;
				CLANG_ENABLE_OBJC_WEAK = YES;
				CLANG_WARN_BLOCK_CAPTURE_AUTORELEASING = YES;
				CLANG_WARN_BOOL_CONVERSION = YES;
				CLANG_WARN_COMMA = YES;
				CLANG_WARN_CONSTANT_CONVERSION = YES;
				CLANG_WARN_DEPRECATED_OBJC_IMPLEMENTATIONS = YES;
				CLANG_WARN_DIRECT_OBJC_ISA_USAGE = YES_ERROR;
				CLANG_WARN_DOCUMENTATION_COMMENTS = YES;
				CLANG_WARN_EMPTY_BODY = YES;
				CLANG_WARN_ENUM_CONVERSION = YES;
				CLANG_WARN_INFINITE_RECURSION = YES;
				CLANG_WARN_INT_CONVERSION = YES;
				CLANG_WARN_NON_LITERAL_NULL_CONVERSION = YES;
				CLANG_WARN_OBJC_IMPLICIT_RETAIN_SELF = YES;
				CLANG_WARN_OBJC_LITERAL_CONVERSION = YES;
				CLANG_WARN_OBJC_ROOT_CLASS = YES_ERROR;
				CLANG_WARN_RANGE_LOOP_ANALYSIS = YES;
				CLANG_WARN_STRICT_PROTOTYPES = YES;
				CLANG_WARN_SUSPICIOUS_MOVE = YES;
				CLANG_WARN_UNGUARDED_AVAILABILITY = YES_AGGRESSIVE;
				CLANG_WARN_UNREACHABLE_CODE = YES;
				CLANG_WARN__DUPLICATE_METHOD_MATCH = YES;
				COPY_PHASE_STRIP = NO;
				DEBUG_INFORMATION_FORMAT = dwarf;
				ENABLE_STRICT_OBJC_MSGSEND = YES;
				ENABLE_TESTABILITY = YES;
				GCC_C_LANGUAGE_STANDARD = gnu11;
				GCC_DYNAMIC_NO_PIC = NO;
				GCC_NO_COMMON_BLOCKS = YES;
				GCC_OPTIMIZATION_LEVEL = 0;
				GCC_PREPROCESSOR_DEFINITIONS = (
					"DEBUG=1",
					"$(inherited)",
				);
				GCC_WARN_64_TO_32_BIT_CONVERSION = YES;
				GCC_WARN_ABOUT_RETURN_TYPE = YES_ERROR;
				GCC_WARN_UNDECLARED_SELECTOR = YES;
				GCC_WARN_UNINITIALIZED_AUTOS = YES_AGGRESSIVE;
				GCC_WARN_UNUSED_FUNCTION = YES;
				GCC_WARN_UNUSED_VARIABLE = YES;
				IPHONEOS_DEPLOYMENT_TARGET = 13.2;
				MTL_ENABLE_DEBUG_INFO = INCLUDE_SOURCE;
				MTL_FAST_MATH = YES;
				ONLY_ACTIVE_ARCH = YES;
				SDKROOT = iphoneos;
				SWIFT_ACTIVE_COMPILATION_CONDITIONS = DEBUG;
				SWIFT_OPTIMIZATION_LEVEL = "-Onone";
			};
			name = Debug;
		};
		DF58233B238E2A8C0074110E /* Release */ = {
			isa = XCBuildConfiguration;
			buildSettings = {
				ALWAYS_SEARCH_USER_PATHS = NO;
				CLANG_ANALYZER_NONNULL = YES;
				CLANG_ANALYZER_NUMBER_OBJECT_CONVERSION = YES_AGGRESSIVE;
				CLANG_CXX_LANGUAGE_STANDARD = "gnu++14";
				CLANG_CXX_LIBRARY = "libc++";
				CLANG_ENABLE_MODULES = YES;
				CLANG_ENABLE_OBJC_ARC = YES;
				CLANG_ENABLE_OBJC_WEAK = YES;
				CLANG_WARN_BLOCK_CAPTURE_AUTORELEASING = YES;
				CLANG_WARN_BOOL_CONVERSION = YES;
				CLANG_WARN_COMMA = YES;
				CLANG_WARN_CONSTANT_CONVERSION = YES;
				CLANG_WARN_DEPRECATED_OBJC_IMPLEMENTATIONS = YES;
				CLANG_WARN_DIRECT_OBJC_ISA_USAGE = YES_ERROR;
				CLANG_WARN_DOCUMENTATION_COMMENTS = YES;
				CLANG_WARN_EMPTY_BODY = YES;
				CLANG_WARN_ENUM_CONVERSION = YES;
				CLANG_WARN_INFINITE_RECURSION = YES;
				CLANG_WARN_INT_CONVERSION = YES;
				CLANG_WARN_NON_LITERAL_NULL_CONVERSION = YES;
				CLANG_WARN_OBJC_IMPLICIT_RETAIN_SELF = YES;
				CLANG_WARN_OBJC_LITERAL_CONVERSION = YES;
				CLANG_WARN_OBJC_ROOT_CLASS = YES_ERROR;
				CLANG_WARN_RANGE_LOOP_ANALYSIS = YES;
				CLANG_WARN_STRICT_PROTOTYPES = YES;
				CLANG_WARN_SUSPICIOUS_MOVE = YES;
				CLANG_WARN_UNGUARDED_AVAILABILITY = YES_AGGRESSIVE;
				CLANG_WARN_UNREACHABLE_CODE = YES;
				CLANG_WARN__DUPLICATE_METHOD_MATCH = YES;
				COPY_PHASE_STRIP = NO;
				DEBUG_INFORMATION_FORMAT = "dwarf-with-dsym";
				ENABLE_NS_ASSERTIONS = NO;
				ENABLE_STRICT_OBJC_MSGSEND = YES;
				GCC_C_LANGUAGE_STANDARD = gnu11;
				GCC_NO_COMMON_BLOCKS = YES;
				GCC_WARN_64_TO_32_BIT_CONVERSION = YES;
				GCC_WARN_ABOUT_RETURN_TYPE = YES_ERROR;
				GCC_WARN_UNDECLARED_SELECTOR = YES;
				GCC_WARN_UNINITIALIZED_AUTOS = YES_AGGRESSIVE;
				GCC_WARN_UNUSED_FUNCTION = YES;
				GCC_WARN_UNUSED_VARIABLE = YES;
				IPHONEOS_DEPLOYMENT_TARGET = 13.2;
				MTL_ENABLE_DEBUG_INFO = NO;
				MTL_FAST_MATH = YES;
				SDKROOT = iphoneos;
				SWIFT_COMPILATION_MODE = wholemodule;
				SWIFT_OPTIMIZATION_LEVEL = "-O";
				VALIDATE_PRODUCT = YES;
			};
			name = Release;
		};
		DF58233D238E2A8C0074110E /* Debug */ = {
			isa = XCBuildConfiguration;
			buildSettings = {
				ASSETCATALOG_COMPILER_APPICON_NAME = AppIcon;
				CODE_SIGN_STYLE = Automatic;
				DEVELOPMENT_TEAM = G2PH36R3BZ;
				INFOPLIST_FILE = presentTestRe1/Info.plist;
				LD_RUNPATH_SEARCH_PATHS = (
					"$(inherited)",
					"@executable_path/Frameworks",
				);
				PRODUCT_BUNDLE_IDENTIFIER = com.hongkimin.presentTestRe1;
				PRODUCT_NAME = "$(TARGET_NAME)";
				SWIFT_VERSION = 5.0;
				TARGETED_DEVICE_FAMILY = "1,2";
			};
			name = Debug;
		};
		DF58233E238E2A8C0074110E /* Release */ = {
			isa = XCBuildConfiguration;
			buildSettings = {
				ASSETCATALOG_COMPILER_APPICON_NAME = AppIcon;
				CODE_SIGN_STYLE = Automatic;
				DEVELOPMENT_TEAM = G2PH36R3BZ;
				INFOPLIST_FILE = presentTestRe1/Info.plist;
				LD_RUNPATH_SEARCH_PATHS = (
					"$(inherited)",
					"@executable_path/Frameworks",
				);
				PRODUCT_BUNDLE_IDENTIFIER = com.hongkimin.presentTestRe1;
				PRODUCT_NAME = "$(TARGET_NAME)";
				SWIFT_VERSION = 5.0;
				TARGETED_DEVICE_FAMILY = "1,2";
			};
			name = Release;
		};
/* End XCBuildConfiguration section */

/* Begin XCConfigurationList section */
		DF582323238E2A8A0074110E /* Build configuration list for PBXProject "presentTestRe1" */ = {
			isa = XCConfigurationList;
			buildConfigurations = (
				DF58233A238E2A8C0074110E /* Debug */,
				DF58233B238E2A8C0074110E /* Release */,
			);
			defaultConfigurationIsVisible = 0;
			defaultConfigurationName = Release;
		};
		DF58233C238E2A8C0074110E /* Build configuration list for PBXNativeTarget "presentTestRe1" */ = {
			isa = XCConfigurationList;
			buildConfigurations = (
				DF58233D238E2A8C0074110E /* Debug */,
				DF58233E238E2A8C0074110E /* Release */,
			);
			defaultConfigurationIsVisible = 0;
			defaultConfigurationName = Release;
		};
/* End XCConfigurationList section */
	};
	rootObject = DF582320238E2A8A0074110E /* Project object */;
}
