// !$*UTF8*$!
{
	archiveVersion = 1;
	classes = {
	};
	objectVersion = 50;
	objects = {

/* Begin PBXBuildFile section */
		DFF2B87623F2B90B0065CDB9 /* AppDelegate.swift in Sources */ = {isa = PBXBuildFile; fileRef = DFF2B87523F2B90B0065CDB9 /* AppDelegate.swift */; };
		DFF2B87823F2B90B0065CDB9 /* SceneDelegate.swift in Sources */ = {isa = PBXBuildFile; fileRef = DFF2B87723F2B90B0065CDB9 /* SceneDelegate.swift */; };
		DFF2B87A23F2B90B0065CDB9 /* ViewController.swift in Sources */ = {isa = PBXBuildFile; fileRef = DFF2B87923F2B90B0065CDB9 /* ViewController.swift */; };
		DFF2B87D23F2B90B0065CDB9 /* Main.storyboard in Resources */ = {isa = PBXBuildFile; fileRef = DFF2B87B23F2B90B0065CDB9 /* Main.storyboard */; };
		DFF2B87F23F2B90C0065CDB9 /* Assets.xcassets in Resources */ = {isa = PBXBuildFile; fileRef = DFF2B87E23F2B90C0065CDB9 /* Assets.xcassets */; };
		DFF2B88223F2B90C0065CDB9 /* LaunchScreen.storyboard in Resources */ = {isa = PBXBuildFile; fileRef = DFF2B88023F2B90C0065CDB9 /* LaunchScreen.storyboard */; };
		DFF2B88A23F2B99D0065CDB9 /* CustomCell.swift in Sources */ = {isa = PBXBuildFile; fileRef = DFF2B88923F2B99D0065CDB9 /* CustomCell.swift */; };
		DFF2B88C23F2BBE60065CDB9 /* AutoLayout.swift in Sources */ = {isa = PBXBuildFile; fileRef = DFF2B88B23F2BBE60065CDB9 /* AutoLayout.swift */; };
/* End PBXBuildFile section */

/* Begin PBXFileReference section */
		DFF2B87223F2B90B0065CDB9 /* tableViewButton0211.app */ = {isa = PBXFileReference; explicitFileType = wrapper.application; includeInIndex = 0; path = tableViewButton0211.app; sourceTree = BUILT_PRODUCTS_DIR; };
		DFF2B87523F2B90B0065CDB9 /* AppDelegate.swift */ = {isa = PBXFileReference; lastKnownFileType = sourcecode.swift; path = AppDelegate.swift; sourceTree = "<group>"; };
		DFF2B87723F2B90B0065CDB9 /* SceneDelegate.swift */ = {isa = PBXFileReference; lastKnownFileType = sourcecode.swift; path = SceneDelegate.swift; sourceTree = "<group>"; };
		DFF2B87923F2B90B0065CDB9 /* ViewController.swift */ = {isa = PBXFileReference; lastKnownFileType = sourcecode.swift; path = ViewController.swift; sourceTree = "<group>"; };
		DFF2B87C23F2B90B0065CDB9 /* Base */ = {isa = PBXFileReference; lastKnownFileType = file.storyboard; name = Base; path = Base.lproj/Main.storyboard; sourceTree = "<group>"; };
		DFF2B87E23F2B90C0065CDB9 /* Assets.xcassets */ = {isa = PBXFileReference; lastKnownFileType = folder.assetcatalog; path = Assets.xcassets; sourceTree = "<group>"; };
		DFF2B88123F2B90C0065CDB9 /* Base */ = {isa = PBXFileReference; lastKnownFileType = file.storyboard; name = Base; path = Base.lproj/LaunchScreen.storyboard; sourceTree = "<group>"; };
		DFF2B88323F2B90C0065CDB9 /* Info.plist */ = {isa = PBXFileReference; lastKnownFileType = text.plist.xml; path = Info.plist; sourceTree = "<group>"; };
		DFF2B88923F2B99D0065CDB9 /* CustomCell.swift */ = {isa = PBXFileReference; lastKnownFileType = sourcecode.swift; path = CustomCell.swift; sourceTree = "<group>"; };
		DFF2B88B23F2BBE60065CDB9 /* AutoLayout.swift */ = {isa = PBXFileReference; lastKnownFileType = sourcecode.swift; path = AutoLayout.swift; sourceTree = "<group>"; };
/* End PBXFileReference section */

/* Begin PBXFrameworksBuildPhase section */
		DFF2B86F23F2B90B0065CDB9 /* Frameworks */ = {
			isa = PBXFrameworksBuildPhase;
			buildActionMask = 2147483647;
			files = (
			);
			runOnlyForDeploymentPostprocessing = 0;
		};
/* End PBXFrameworksBuildPhase section */

/* Begin PBXGroup section */
		DFF2B86923F2B90B0065CDB9 = {
			isa = PBXGroup;
			children = (
				DFF2B87423F2B90B0065CDB9 /* tableViewButton0211 */,
				DFF2B87323F2B90B0065CDB9 /* Products */,
			);
			sourceTree = "<group>";
		};
		DFF2B87323F2B90B0065CDB9 /* Products */ = {
			isa = PBXGroup;
			children = (
				DFF2B87223F2B90B0065CDB9 /* tableViewButton0211.app */,
			);
			name = Products;
			sourceTree = "<group>";
		};
		DFF2B87423F2B90B0065CDB9 /* tableViewButton0211 */ = {
			isa = PBXGroup;
			children = (
				DFF2B87523F2B90B0065CDB9 /* AppDelegate.swift */,
				DFF2B87723F2B90B0065CDB9 /* SceneDelegate.swift */,
				DFF2B87923F2B90B0065CDB9 /* ViewController.swift */,
				DFF2B88B23F2BBE60065CDB9 /* AutoLayout.swift */,
				DFF2B88923F2B99D0065CDB9 /* CustomCell.swift */,
				DFF2B87B23F2B90B0065CDB9 /* Main.storyboard */,
				DFF2B87E23F2B90C0065CDB9 /* Assets.xcassets */,
				DFF2B88023F2B90C0065CDB9 /* LaunchScreen.storyboard */,
				DFF2B88323F2B90C0065CDB9 /* Info.plist */,
			);
			path = tableViewButton0211;
			sourceTree = "<group>";
		};
/* End PBXGroup section */

/* Begin PBXNativeTarget section */
		DFF2B87123F2B90B0065CDB9 /* tableViewButton0211 */ = {
			isa = PBXNativeTarget;
			buildConfigurationList = DFF2B88623F2B90C0065CDB9 /* Build configuration list for PBXNativeTarget "tableViewButton0211" */;
			buildPhases = (
				DFF2B86E23F2B90B0065CDB9 /* Sources */,
				DFF2B86F23F2B90B0065CDB9 /* Frameworks */,
				DFF2B87023F2B90B0065CDB9 /* Resources */,
			);
			buildRules = (
			);
			dependencies = (
			);
			name = tableViewButton0211;
			productName = tableViewButton0211;
			productReference = DFF2B87223F2B90B0065CDB9 /* tableViewButton0211.app */;
			productType = "com.apple.product-type.application";
		};
/* End PBXNativeTarget section */

/* Begin PBXProject section */
		DFF2B86A23F2B90B0065CDB9 /* Project object */ = {
			isa = PBXProject;
			attributes = {
				LastSwiftUpdateCheck = 1130;
				LastUpgradeCheck = 1130;
				ORGANIZATIONNAME = hongkimin;
				TargetAttributes = {
					DFF2B87123F2B90B0065CDB9 = {
						CreatedOnToolsVersion = 11.3.1;
					};
				};
			};
			buildConfigurationList = DFF2B86D23F2B90B0065CDB9 /* Build configuration list for PBXProject "tableViewButton0211" */;
			compatibilityVersion = "Xcode 9.3";
			developmentRegion = en;
			hasScannedForEncodings = 0;
			knownRegions = (
				en,
				Base,
			);
			mainGroup = DFF2B86923F2B90B0065CDB9;
			productRefGroup = DFF2B87323F2B90B0065CDB9 /* Products */;
			projectDirPath = "";
			projectRoot = "";
			targets = (
				DFF2B87123F2B90B0065CDB9 /* tableViewButton0211 */,
			);
		};
/* End PBXProject section */

/* Begin PBXResourcesBuildPhase section */
		DFF2B87023F2B90B0065CDB9 /* Resources */ = {
			isa = PBXResourcesBuildPhase;
			buildActionMask = 2147483647;
			files = (
				DFF2B88223F2B90C0065CDB9 /* LaunchScreen.storyboard in Resources */,
				DFF2B87F23F2B90C0065CDB9 /* Assets.xcassets in Resources */,
				DFF2B87D23F2B90B0065CDB9 /* Main.storyboard in Resources */,
			);
			runOnlyForDeploymentPostprocessing = 0;
		};
/* End PBXResourcesBuildPhase section */

/* Begin PBXSourcesBuildPhase section */
		DFF2B86E23F2B90B0065CDB9 /* Sources */ = {
			isa = PBXSourcesBuildPhase;
			buildActionMask = 2147483647;
			files = (
				DFF2B87A23F2B90B0065CDB9 /* ViewController.swift in Sources */,
				DFF2B87623F2B90B0065CDB9 /* AppDelegate.swift in Sources */,
				DFF2B88A23F2B99D0065CDB9 /* CustomCell.swift in Sources */,
				DFF2B88C23F2BBE60065CDB9 /* AutoLayout.swift in Sources */,
				DFF2B87823F2B90B0065CDB9 /* SceneDelegate.swift in Sources */,
			);
			runOnlyForDeploymentPostprocessing = 0;
		};
/* End PBXSourcesBuildPhase section */

/* Begin PBXVariantGroup section */
		DFF2B87B23F2B90B0065CDB9 /* Main.storyboard */ = {
			isa = PBXVariantGroup;
			children = (
				DFF2B87C23F2B90B0065CDB9 /* Base */,
			);
			name = Main.storyboard;
			sourceTree = "<group>";
		};
		DFF2B88023F2B90C0065CDB9 /* LaunchScreen.storyboard */ = {
			isa = PBXVariantGroup;
			children = (
				DFF2B88123F2B90C0065CDB9 /* Base */,
			);
			name = LaunchScreen.storyboard;
			sourceTree = "<group>";
		};
/* End PBXVariantGroup section */

/* Begin XCBuildConfiguration section */
		DFF2B88423F2B90C0065CDB9 /* Debug */ = {
			isa = XCBuildConfiguration;
			buildSettings = {
				ALWAYS_SEARCH_USER_PATHS = NO;
				CLANG_ANALYZER_NONNULL = YES;
				CLANG_ANALYZER_NUMBER_OBJECT_CONVERSION = YES_AGGRESSIVE;
				CLANG_CXX_LANGUAGE_STANDARD = "gnu++14";
				CLANG_CXX_LIBRARY = "libc++";
				CLANG_ENABLE_MODULES = YES;
				CLANG_ENABLE_OBJC_ARC = YES;
				CLANG_ENABLE_OBJC_WEAK = YES;
				CLANG_WARN_BLOCK_CAPTURE_AUTORELEASING = YES;
				CLANG_WARN_BOOL_CONVERSION = YES;
				CLANG_WARN_COMMA = YES;
				CLANG_WARN_CONSTANT_CONVERSION = YES;
				CLANG_WARN_DEPRECATED_OBJC_IMPLEMENTATIONS = YES;
				CLANG_WARN_DIRECT_OBJC_ISA_USAGE = YES_ERROR;
				CLANG_WARN_DOCUMENTATION_COMMENTS = YES;
				CLANG_WARN_EMPTY_BODY = YES;
				CLANG_WARN_ENUM_CONVERSION = YES;
				CLANG_WARN_INFINITE_RECURSION = YES;
				CLANG_WARN_INT_CONVERSION = YES;
				CLANG_WARN_NON_LITERAL_NULL_CONVERSION = YES;
				CLANG_WARN_OBJC_IMPLICIT_RETAIN_SELF = YES;
				CLANG_WARN_OBJC_LITERAL_CONVERSION = YES;
				CLANG_WARN_OBJC_ROOT_CLASS = YES_ERROR;
				CLANG_WARN_RANGE_LOOP_ANALYSIS = YES;
				CLANG_WARN_STRICT_PROTOTYPES = YES;
				CLANG_WARN_SUSPICIOUS_MOVE = YES;
				CLANG_WARN_UNGUARDED_AVAILABILITY = YES_AGGRESSIVE;
				CLANG_WARN_UNREACHABLE_CODE = YES;
				CLANG_WARN__DUPLICATE_METHOD_MATCH = YES;
				COPY_PHASE_STRIP = NO;
				DEBUG_INFORMATION_FORMAT = dwarf;
				ENABLE_STRICT_OBJC_MSGSEND = YES;
				ENABLE_TESTABILITY = YES;
				GCC_C_LANGUAGE_STANDARD = gnu11;
				GCC_DYNAMIC_NO_PIC = NO;
				GCC_NO_COMMON_BLOCKS = YES;
				GCC_OPTIMIZATION_LEVEL = 0;
				GCC_PREPROCESSOR_DEFINITIONS = (
					"DEBUG=1",
					"$(inherited)",
				);
				GCC_WARN_64_TO_32_BIT_CONVERSION = YES;
				GCC_WARN_ABOUT_RETURN_TYPE = YES_ERROR;
				GCC_WARN_UNDECLARED_SELECTOR = YES;
				GCC_WARN_UNINITIALIZED_AUTOS = YES_AGGRESSIVE;
				GCC_WARN_UNUSED_FUNCTION = YES;
				GCC_WARN_UNUSED_VARIABLE = YES;
				IPHONEOS_DEPLOYMENT_TARGET = 13.2;
				MTL_ENABLE_DEBUG_INFO = INCLUDE_SOURCE;
				MTL_FAST_MATH = YES;
				ONLY_ACTIVE_ARCH = YES;
				SDKROOT = iphoneos;
				SWIFT_ACTIVE_COMPILATION_CONDITIONS = DEBUG;
				SWIFT_OPTIMIZATION_LEVEL = "-Onone";
			};
			name = Debug;
		};
		DFF2B88523F2B90C0065CDB9 /* Release */ = {
			isa = XCBuildConfiguration;
			buildSettings = {
				ALWAYS_SEARCH_USER_PATHS = NO;
				CLANG_ANALYZER_NONNULL = YES;
				CLANG_ANALYZER_NUMBER_OBJECT_CONVERSION = YES_AGGRESSIVE;
				CLANG_CXX_LANGUAGE_STANDARD = "gnu++14";
				CLANG_CXX_LIBRARY = "libc++";
				CLANG_ENABLE_MODULES = YES;
				CLANG_ENABLE_OBJC_ARC = YES;
				CLANG_ENABLE_OBJC_WEAK = YES;
				CLANG_WARN_BLOCK_CAPTURE_AUTORELEASING = YES;
				CLANG_WARN_BOOL_CONVERSION = YES;
				CLANG_WARN_COMMA = YES;
				CLANG_WARN_CONSTANT_CONVERSION = YES;
				CLANG_WARN_DEPRECATED_OBJC_IMPLEMENTATIONS = YES;
				CLANG_WARN_DIRECT_OBJC_ISA_USAGE = YES_ERROR;
				CLANG_WARN_DOCUMENTATION_COMMENTS = YES;
				CLANG_WARN_EMPTY_BODY = YES;
				CLANG_WARN_ENUM_CONVERSION = YES;
				CLANG_WARN_INFINITE_RECURSION = YES;
				CLANG_WARN_INT_CONVERSION = YES;
				CLANG_WARN_NON_LITERAL_NULL_CONVERSION = YES;
				CLANG_WARN_OBJC_IMPLICIT_RETAIN_SELF = YES;
				CLANG_WARN_OBJC_LITERAL_CONVERSION = YES;
				CLANG_WARN_OBJC_ROOT_CLASS = YES_ERROR;
				CLANG_WARN_RANGE_LOOP_ANALYSIS = YES;
				CLANG_WARN_STRICT_PROTOTYPES = YES;
				CLANG_WARN_SUSPICIOUS_MOVE = YES;
				CLANG_WARN_UNGUARDED_AVAILABILITY = YES_AGGRESSIVE;
				CLANG_WARN_UNREACHABLE_CODE = YES;
				CLANG_WARN__DUPLICATE_METHOD_MATCH = YES;
				COPY_PHASE_STRIP = NO;
				DEBUG_INFORMATION_FORMAT = "dwarf-with-dsym";
				ENABLE_NS_ASSERTIONS = NO;
				ENABLE_STRICT_OBJC_MSGSEND = YES;
				GCC_C_LANGUAGE_STANDARD = gnu11;
				GCC_NO_COMMON_BLOCKS = YES;
				GCC_WARN_64_TO_32_BIT_CONVERSION = YES;
				GCC_WARN_ABOUT_RETURN_TYPE = YES_ERROR;
				GCC_WARN_UNDECLARED_SELECTOR = YES;
				GCC_WARN_UNINITIALIZED_AUTOS = YES_AGGRESSIVE;
				GCC_WARN_UNUSED_FUNCTION = YES;
				GCC_WARN_UNUSED_VARIABLE = YES;
				IPHONEOS_DEPLOYMENT_TARGET = 13.2;
				MTL_ENABLE_DEBUG_INFO = NO;
				MTL_FAST_MATH = YES;
				SDKROOT = iphoneos;
				SWIFT_COMPILATION_MODE = wholemodule;
				SWIFT_OPTIMIZATION_LEVEL = "-O";
				VALIDATE_PRODUCT = YES;
			};
			name = Release;
		};
		DFF2B88723F2B90C0065CDB9 /* Debug */ = {
			isa = XCBuildConfiguration;
			buildSettings = {
				ASSETCATALOG_COMPILER_APPICON_NAME = AppIcon;
				CODE_SIGN_STYLE = Automatic;
				DEVELOPMENT_TEAM = G2PH36R3BZ;
				INFOPLIST_FILE = tableViewButton0211/Info.plist;
				LD_RUNPATH_SEARCH_PATHS = (
					"$(inherited)",
					"@executable_path/Frameworks",
				);
				PRODUCT_BUNDLE_IDENTIFIER = com.hongkimin.tableViewButton0211;
				PRODUCT_NAME = "$(TARGET_NAME)";
				SWIFT_VERSION = 5.0;
				TARGETED_DEVICE_FAMILY = "1,2";
			};
			name = Debug;
		};
		DFF2B88823F2B90C0065CDB9 /* Release */ = {
			isa = XCBuildConfiguration;
			buildSettings = {
				ASSETCATALOG_COMPILER_APPICON_NAME = AppIcon;
				CODE_SIGN_STYLE = Automatic;
				DEVELOPMENT_TEAM = G2PH36R3BZ;
				INFOPLIST_FILE = tableViewButton0211/Info.plist;
				LD_RUNPATH_SEARCH_PATHS = (
					"$(inherited)",
					"@executable_path/Frameworks",
				);
				PRODUCT_BUNDLE_IDENTIFIER = com.hongkimin.tableViewButton0211;
				PRODUCT_NAME = "$(TARGET_NAME)";
				SWIFT_VERSION = 5.0;
				TARGETED_DEVICE_FAMILY = "1,2";
			};
			name = Release;
		};
/* End XCBuildConfiguration section */

/* Begin XCConfigurationList section */
		DFF2B86D23F2B90B0065CDB9 /* Build configuration list for PBXProject "tableViewButton0211" */ = {
			isa = XCConfigurationList;
			buildConfigurations = (
				DFF2B88423F2B90C0065CDB9 /* Debug */,
				DFF2B88523F2B90C0065CDB9 /* Release */,
			);
			defaultConfigurationIsVisible = 0;
			defaultConfigurationName = Release;
		};
		DFF2B88623F2B90C0065CDB9 /* Build configuration list for PBXNativeTarget "tableViewButton0211" */ = {
			isa = XCConfigurationList;
			buildConfigurations = (
				DFF2B88723F2B90C0065CDB9 /* Debug */,
				DFF2B88823F2B90C0065CDB9 /* Release */,
			);
			defaultConfigurationIsVisible = 0;
			defaultConfigurationName = Release;
		};
/* End XCConfigurationList section */
	};
	rootObject = DFF2B86A23F2B90B0065CDB9 /* Project object */;
}
